// !$*UTF8*$!
{
	archiveVersion = 1;
	classes = {
	};
	objectVersion = 46;
	objects = {

/* Begin PBXBuildFile section */
		5F4416FA1B920B48002969D0 /* CountdownViewController.m in Sources */ = {isa = PBXBuildFile; fileRef = 5F4416F91B920B48002969D0 /* CountdownViewController.m */; };
		5F4416FD1B921609002969D0 /* SetCountdownViewController.m in Sources */ = {isa = PBXBuildFile; fileRef = 5F4416FC1B921609002969D0 /* SetCountdownViewController.m */; };
		5F44170B1B9399B2002969D0 /* AVFoundation.framework in Frameworks */ = {isa = PBXBuildFile; fileRef = 5F44170A1B9399B2002969D0 /* AVFoundation.framework */; };
		5F44170D1B939B61002969D0 /* BingSound.mp3 in Resources */ = {isa = PBXBuildFile; fileRef = 5F44170C1B939B61002969D0 /* BingSound.mp3 */; };
		5F44170F1B939E85002969D0 /* Coo-coo-clock-sound.mp3 in Resources */ = {isa = PBXBuildFile; fileRef = 5F44170E1B939E85002969D0 /* Coo-coo-clock-sound.mp3 */; };
		5F4417111B939FCA002969D0 /* Hallelujah-sound-effect.mp3 in Resources */ = {isa = PBXBuildFile; fileRef = 5F4417101B939FCA002969D0 /* Hallelujah-sound-effect.mp3 */; };
		5F4CBFFC1B8916A500592B58 /* PresetTimer.m in Sources */ = {isa = PBXBuildFile; fileRef = 5F4CBFFB1B8916A500592B58 /* PresetTimer.m */; };
		6B5FB36D1B923125004D9958 /* Existence-Light.otf in Resources */ = {isa = PBXBuildFile; fileRef = 6BFFFA7D1B922D730077669E /* Existence-Light.otf */; };
		6B5FB36E1B92312F004D9958 /* DIGITALDREAM.ttf in Resources */ = {isa = PBXBuildFile; fileRef = 6BFFFA761B922D650077669E /* DIGITALDREAM.ttf */; };
		6B5FB36F1B92313A004D9958 /* DIGITALDREAMFATNARROW.ttf in Resources */ = {isa = PBXBuildFile; fileRef = 6BFFFA771B922D650077669E /* DIGITALDREAMFATNARROW.ttf */; };
		6B5FB3701B923154004D9958 /* Existence-StencilLight.otf in Resources */ = {isa = PBXBuildFile; fileRef = 6BFFFA7E1B922D730077669E /* Existence-StencilLight.otf */; };
		6B5FB3721B9254A8004D9958 /* QuartzCore.framework in Frameworks */ = {isa = PBXBuildFile; fileRef = 6B5FB3711B9254A8004D9958 /* QuartzCore.framework */; };
		6BB1946A1B88D99900082D0A /* StopwatchTableViewController.m in Sources */ = {isa = PBXBuildFile; fileRef = 6BB194691B88D99900082D0A /* StopwatchTableViewController.m */; };
		6BB1946D1B88D9D000082D0A /* TimerHomepageViewController.m in Sources */ = {isa = PBXBuildFile; fileRef = 6BB1946C1B88D9D000082D0A /* TimerHomepageViewController.m */; };
		6BB194701B88D9EE00082D0A /* SetTimerViewController.m in Sources */ = {isa = PBXBuildFile; fileRef = 6BB1946F1B88D9EE00082D0A /* SetTimerViewController.m */; };
		6BB194731B89184700082D0A /* PresetTimerData.m in Sources */ = {isa = PBXBuildFile; fileRef = 6BB194721B89184700082D0A /* PresetTimerData.m */; };
		6BC7F3181B929C3500FC98AE /* Steinerlight.ttf in Resources */ = {isa = PBXBuildFile; fileRef = 6BC7F3171B929C3500FC98AE /* Steinerlight.ttf */; };
		6BC7F3191B929C5F00FC98AE /* PrintBold_TT.ttf in Resources */ = {isa = PBXBuildFile; fileRef = 6BC7F3141B929C0F00FC98AE /* PrintBold_TT.ttf */; };
		6BC7F31A1B929C5F00FC98AE /* PrintClearly_TT.ttf in Resources */ = {isa = PBXBuildFile; fileRef = 6BC7F3151B929C0F00FC98AE /* PrintClearly_TT.ttf */; };
		6BC7F31B1B929C5F00FC98AE /* PrintDashed_TT.ttf in Resources */ = {isa = PBXBuildFile; fileRef = 6BC7F3161B929C0F00FC98AE /* PrintDashed_TT.ttf */; };
		6BC7F31C1B929C5F00FC98AE /* EngelLight_ltd.ttf in Resources */ = {isa = PBXBuildFile; fileRef = 6BC7F3131B929BD000FC98AE /* EngelLight_ltd.ttf */; };
		8D05375E1B86687C00588318 /* main.m in Sources */ = {isa = PBXBuildFile; fileRef = 8D05375D1B86687C00588318 /* main.m */; };
		8D0537611B86687C00588318 /* AppDelegate.m in Sources */ = {isa = PBXBuildFile; fileRef = 8D0537601B86687C00588318 /* AppDelegate.m */; };
		8D0537671B86687C00588318 /* Main.storyboard in Resources */ = {isa = PBXBuildFile; fileRef = 8D0537651B86687C00588318 /* Main.storyboard */; };
		8D0537691B86687C00588318 /* Images.xcassets in Resources */ = {isa = PBXBuildFile; fileRef = 8D0537681B86687C00588318 /* Images.xcassets */; };
		8D05376C1B86687C00588318 /* LaunchScreen.xib in Resources */ = {isa = PBXBuildFile; fileRef = 8D05376A1B86687C00588318 /* LaunchScreen.xib */; };
		8D0537781B86687C00588318 /* TimeTests.m in Sources */ = {isa = PBXBuildFile; fileRef = 8D0537771B86687C00588318 /* TimeTests.m */; };
/* End PBXBuildFile section */

/* Begin PBXContainerItemProxy section */
		8D0537721B86687C00588318 /* PBXContainerItemProxy */ = {
			isa = PBXContainerItemProxy;
			containerPortal = 8D0537501B86687B00588318 /* Project object */;
			proxyType = 1;
			remoteGlobalIDString = 8D0537571B86687B00588318;
			remoteInfo = Time;
		};
/* End PBXContainerItemProxy section */

/* Begin PBXFileReference section */
		5F4416F81B920B48002969D0 /* CountdownViewController.h */ = {isa = PBXFileReference; fileEncoding = 4; lastKnownFileType = sourcecode.c.h; path = CountdownViewController.h; sourceTree = "<group>"; };
		5F4416F91B920B48002969D0 /* CountdownViewController.m */ = {isa = PBXFileReference; fileEncoding = 4; lastKnownFileType = sourcecode.c.objc; path = CountdownViewController.m; sourceTree = "<group>"; };
		5F4416FB1B921609002969D0 /* SetCountdownViewController.h */ = {isa = PBXFileReference; fileEncoding = 4; lastKnownFileType = sourcecode.c.h; path = SetCountdownViewController.h; sourceTree = "<group>"; };
		5F4416FC1B921609002969D0 /* SetCountdownViewController.m */ = {isa = PBXFileReference; fileEncoding = 4; lastKnownFileType = sourcecode.c.objc; path = SetCountdownViewController.m; sourceTree = "<group>"; };
		5F44170A1B9399B2002969D0 /* AVFoundation.framework */ = {isa = PBXFileReference; lastKnownFileType = wrapper.framework; name = AVFoundation.framework; path = System/Library/Frameworks/AVFoundation.framework; sourceTree = SDKROOT; };
		5F44170C1B939B61002969D0 /* BingSound.mp3 */ = {isa = PBXFileReference; lastKnownFileType = audio.mp3; name = BingSound.mp3; path = ../../../../../../../Desktop/BingSound.mp3; sourceTree = "<group>"; };
		5F44170E1B939E85002969D0 /* Coo-coo-clock-sound.mp3 */ = {isa = PBXFileReference; lastKnownFileType = audio.mp3; name = "Coo-coo-clock-sound.mp3"; path = "../../../../../../../Desktop/Coo-coo-clock-sound.mp3"; sourceTree = "<group>"; };
		5F4417101B939FCA002969D0 /* Hallelujah-sound-effect.mp3 */ = {isa = PBXFileReference; lastKnownFileType = audio.mp3; name = "Hallelujah-sound-effect.mp3"; path = "../../../../../../../Desktop/Hallelujah-sound-effect.mp3"; sourceTree = "<group>"; };
		5F4CBFFA1B8916A500592B58 /* PresetTimer.h */ = {isa = PBXFileReference; fileEncoding = 4; lastKnownFileType = sourcecode.c.h; path = PresetTimer.h; sourceTree = "<group>"; };
		5F4CBFFB1B8916A500592B58 /* PresetTimer.m */ = {isa = PBXFileReference; fileEncoding = 4; lastKnownFileType = sourcecode.c.objc; path = PresetTimer.m; sourceTree = "<group>"; };
		6B5FB3711B9254A8004D9958 /* QuartzCore.framework */ = {isa = PBXFileReference; lastKnownFileType = wrapper.framework; name = QuartzCore.framework; path = System/Library/Frameworks/QuartzCore.framework; sourceTree = SDKROOT; };
		6BB194681B88D99900082D0A /* StopwatchTableViewController.h */ = {isa = PBXFileReference; fileEncoding = 4; lastKnownFileType = sourcecode.c.h; path = StopwatchTableViewController.h; sourceTree = "<group>"; };
		6BB194691B88D99900082D0A /* StopwatchTableViewController.m */ = {isa = PBXFileReference; fileEncoding = 4; lastKnownFileType = sourcecode.c.objc; path = StopwatchTableViewController.m; sourceTree = "<group>"; };
		6BB1946B1B88D9D000082D0A /* TimerHomepageViewController.h */ = {isa = PBXFileReference; fileEncoding = 4; lastKnownFileType = sourcecode.c.h; path = TimerHomepageViewController.h; sourceTree = "<group>"; };
		6BB1946C1B88D9D000082D0A /* TimerHomepageViewController.m */ = {isa = PBXFileReference; fileEncoding = 4; lastKnownFileType = sourcecode.c.objc; path = TimerHomepageViewController.m; sourceTree = "<group>"; };
		6BB1946E1B88D9EE00082D0A /* SetTimerViewController.h */ = {isa = PBXFileReference; fileEncoding = 4; lastKnownFileType = sourcecode.c.h; path = SetTimerViewController.h; sourceTree = "<group>"; };
		6BB1946F1B88D9EE00082D0A /* SetTimerViewController.m */ = {isa = PBXFileReference; fileEncoding = 4; lastKnownFileType = sourcecode.c.objc; path = SetTimerViewController.m; sourceTree = "<group>"; };
		6BB194711B89184700082D0A /* PresetTimerData.h */ = {isa = PBXFileReference; fileEncoding = 4; lastKnownFileType = sourcecode.c.h; path = PresetTimerData.h; sourceTree = "<group>"; };
		6BB194721B89184700082D0A /* PresetTimerData.m */ = {isa = PBXFileReference; fileEncoding = 4; lastKnownFileType = sourcecode.c.objc; path = PresetTimerData.m; sourceTree = "<group>"; };
		6BC7F3131B929BD000FC98AE /* EngelLight_ltd.ttf */ = {isa = PBXFileReference; lastKnownFileType = file; path = EngelLight_ltd.ttf; sourceTree = "<group>"; };
		6BC7F3141B929C0F00FC98AE /* PrintBold_TT.ttf */ = {isa = PBXFileReference; lastKnownFileType = file; path = PrintBold_TT.ttf; sourceTree = "<group>"; };
		6BC7F3151B929C0F00FC98AE /* PrintClearly_TT.ttf */ = {isa = PBXFileReference; lastKnownFileType = file; path = PrintClearly_TT.ttf; sourceTree = "<group>"; };
		6BC7F3161B929C0F00FC98AE /* PrintDashed_TT.ttf */ = {isa = PBXFileReference; lastKnownFileType = file; path = PrintDashed_TT.ttf; sourceTree = "<group>"; };
		6BC7F3171B929C3500FC98AE /* Steinerlight.ttf */ = {isa = PBXFileReference; lastKnownFileType = file; path = Steinerlight.ttf; sourceTree = "<group>"; };
		6BFFFA761B922D650077669E /* DIGITALDREAM.ttf */ = {isa = PBXFileReference; lastKnownFileType = file; path = DIGITALDREAM.ttf; sourceTree = "<group>"; };
		6BFFFA771B922D650077669E /* DIGITALDREAMFATNARROW.ttf */ = {isa = PBXFileReference; lastKnownFileType = file; path = DIGITALDREAMFATNARROW.ttf; sourceTree = "<group>"; };
		6BFFFA781B922D650077669E /* DIGITALDREAMFATSKEW.ttf */ = {isa = PBXFileReference; lastKnownFileType = file; path = DIGITALDREAMFATSKEW.ttf; sourceTree = "<group>"; };
		6BFFFA791B922D650077669E /* DIGITALDREAMFATSKEWNARROW.ttf */ = {isa = PBXFileReference; lastKnownFileType = file; path = DIGITALDREAMFATSKEWNARROW.ttf; sourceTree = "<group>"; };
		6BFFFA7A1B922D650077669E /* DIGITALDREAMNARROW.ttf */ = {isa = PBXFileReference; lastKnownFileType = file; path = DIGITALDREAMNARROW.ttf; sourceTree = "<group>"; };
		6BFFFA7B1B922D650077669E /* DIGITALDREAMSKEW.ttf */ = {isa = PBXFileReference; lastKnownFileType = file; path = DIGITALDREAMSKEW.ttf; sourceTree = "<group>"; };
		6BFFFA7C1B922D650077669E /* DIGITALDREAMSKEWNARROW.ttf */ = {isa = PBXFileReference; lastKnownFileType = file; path = DIGITALDREAMSKEWNARROW.ttf; sourceTree = "<group>"; };
		6BFFFA7D1B922D730077669E /* Existence-Light.otf */ = {isa = PBXFileReference; lastKnownFileType = file; path = "Existence-Light.otf"; sourceTree = "<group>"; };
		6BFFFA7E1B922D730077669E /* Existence-StencilLight.otf */ = {isa = PBXFileReference; lastKnownFileType = file; path = "Existence-StencilLight.otf"; sourceTree = "<group>"; };
		6BFFFA7F1B922D730077669E /* Existence-UnicaseLight.otf */ = {isa = PBXFileReference; lastKnownFileType = file; path = "Existence-UnicaseLight.otf"; sourceTree = "<group>"; };
		8D0537581B86687B00588318 /* Time.app */ = {isa = PBXFileReference; explicitFileType = wrapper.application; includeInIndex = 0; path = Time.app; sourceTree = BUILT_PRODUCTS_DIR; };
		8D05375C1B86687B00588318 /* Info.plist */ = {isa = PBXFileReference; lastKnownFileType = text.plist.xml; path = Info.plist; sourceTree = "<group>"; };
		8D05375D1B86687C00588318 /* main.m */ = {isa = PBXFileReference; lastKnownFileType = sourcecode.c.objc; path = main.m; sourceTree = "<group>"; };
		8D05375F1B86687C00588318 /* AppDelegate.h */ = {isa = PBXFileReference; lastKnownFileType = sourcecode.c.h; path = AppDelegate.h; sourceTree = "<group>"; };
		8D0537601B86687C00588318 /* AppDelegate.m */ = {isa = PBXFileReference; lastKnownFileType = sourcecode.c.objc; path = AppDelegate.m; sourceTree = "<group>"; };
		8D0537661B86687C00588318 /* Base */ = {isa = PBXFileReference; lastKnownFileType = file.storyboard; name = Base; path = Base.lproj/Main.storyboard; sourceTree = "<group>"; };
		8D0537681B86687C00588318 /* Images.xcassets */ = {isa = PBXFileReference; lastKnownFileType = folder.assetcatalog; path = Images.xcassets; sourceTree = "<group>"; };
		8D05376B1B86687C00588318 /* Base */ = {isa = PBXFileReference; lastKnownFileType = file.xib; name = Base; path = Base.lproj/LaunchScreen.xib; sourceTree = "<group>"; };
		8D0537711B86687C00588318 /* TimeTests.xctest */ = {isa = PBXFileReference; explicitFileType = wrapper.cfbundle; includeInIndex = 0; path = TimeTests.xctest; sourceTree = BUILT_PRODUCTS_DIR; };
		8D0537761B86687C00588318 /* Info.plist */ = {isa = PBXFileReference; lastKnownFileType = text.plist.xml; path = Info.plist; sourceTree = "<group>"; };
		8D0537771B86687C00588318 /* TimeTests.m */ = {isa = PBXFileReference; lastKnownFileType = sourcecode.c.objc; path = TimeTests.m; sourceTree = "<group>"; };
/* End PBXFileReference section */

/* Begin PBXFrameworksBuildPhase section */
		8D0537551B86687B00588318 /* Frameworks */ = {
			isa = PBXFrameworksBuildPhase;
			buildActionMask = 2147483647;
			files = (
				5F44170B1B9399B2002969D0 /* AVFoundation.framework in Frameworks */,
				6B5FB3721B9254A8004D9958 /* QuartzCore.framework in Frameworks */,
			);
			runOnlyForDeploymentPostprocessing = 0;
		};
		8D05376E1B86687C00588318 /* Frameworks */ = {
			isa = PBXFrameworksBuildPhase;
			buildActionMask = 2147483647;
			files = (
			);
			runOnlyForDeploymentPostprocessing = 0;
		};
/* End PBXFrameworksBuildPhase section */

/* Begin PBXGroup section */
		6BFFFA801B922D780077669E /* Fonts */ = {
			isa = PBXGroup;
			children = (
				6BC7F3171B929C3500FC98AE /* Steinerlight.ttf */,
				6BC7F3141B929C0F00FC98AE /* PrintBold_TT.ttf */,
				6BC7F3151B929C0F00FC98AE /* PrintClearly_TT.ttf */,
				6BC7F3161B929C0F00FC98AE /* PrintDashed_TT.ttf */,
				6BC7F3131B929BD000FC98AE /* EngelLight_ltd.ttf */,
				6BFFFA761B922D650077669E /* DIGITALDREAM.ttf */,
				6BFFFA771B922D650077669E /* DIGITALDREAMFATNARROW.ttf */,
				6BFFFA781B922D650077669E /* DIGITALDREAMFATSKEW.ttf */,
				6BFFFA791B922D650077669E /* DIGITALDREAMFATSKEWNARROW.ttf */,
				6BFFFA7A1B922D650077669E /* DIGITALDREAMNARROW.ttf */,
				6BFFFA7B1B922D650077669E /* DIGITALDREAMSKEW.ttf */,
				6BFFFA7C1B922D650077669E /* DIGITALDREAMSKEWNARROW.ttf */,
				6BFFFA7D1B922D730077669E /* Existence-Light.otf */,
				6BFFFA7E1B922D730077669E /* Existence-StencilLight.otf */,
				6BFFFA7F1B922D730077669E /* Existence-UnicaseLight.otf */,
			);
			name = Fonts;
			sourceTree = "<group>";
		};
		8D05374F1B86687B00588318 = {
			isa = PBXGroup;
			children = (
				5F44170A1B9399B2002969D0 /* AVFoundation.framework */,
				6B5FB3711B9254A8004D9958 /* QuartzCore.framework */,
				8D05375A1B86687B00588318 /* Time */,
				8D0537741B86687C00588318 /* TimeTests */,
				8D0537591B86687B00588318 /* Products */,
			);
			sourceTree = "<group>";
		};
		8D0537591B86687B00588318 /* Products */ = {
			isa = PBXGroup;
			children = (
				8D0537581B86687B00588318 /* Time.app */,
				8D0537711B86687C00588318 /* TimeTests.xctest */,
			);
			name = Products;
			sourceTree = "<group>";
		};
		8D05375A1B86687B00588318 /* Time */ = {
			isa = PBXGroup;
			children = (
				8D05375F1B86687C00588318 /* AppDelegate.h */,
				8D0537601B86687C00588318 /* AppDelegate.m */,
				6BB194681B88D99900082D0A /* StopwatchTableViewController.h */,
				6BB194691B88D99900082D0A /* StopwatchTableViewController.m */,
				5F4CBFFA1B8916A500592B58 /* PresetTimer.h */,
				5F4CBFFB1B8916A500592B58 /* PresetTimer.m */,
				6BB194711B89184700082D0A /* PresetTimerData.h */,
				6BB194721B89184700082D0A /* PresetTimerData.m */,
				5F4416F81B920B48002969D0 /* CountdownViewController.h */,
				5F4416F91B920B48002969D0 /* CountdownViewController.m */,
				5F4416FB1B921609002969D0 /* SetCountdownViewController.h */,
				5F4416FC1B921609002969D0 /* SetCountdownViewController.m */,
				6BB1946B1B88D9D000082D0A /* TimerHomepageViewController.h */,
				6BB1946C1B88D9D000082D0A /* TimerHomepageViewController.m */,
				6BB1946E1B88D9EE00082D0A /* SetTimerViewController.h */,
				6BB1946F1B88D9EE00082D0A /* SetTimerViewController.m */,
				5F44170C1B939B61002969D0 /* BingSound.mp3 */,
				5F44170E1B939E85002969D0 /* Coo-coo-clock-sound.mp3 */,
				5F4417101B939FCA002969D0 /* Hallelujah-sound-effect.mp3 */,
				8D0537651B86687C00588318 /* Main.storyboard */,
				8D0537681B86687C00588318 /* Images.xcassets */,
				8D05376A1B86687C00588318 /* LaunchScreen.xib */,
				6BFFFA801B922D780077669E /* Fonts */,
				8D05375B1B86687B00588318 /* Supporting Files */,
			);
			path = Time;
			sourceTree = "<group>";
		};
		8D05375B1B86687B00588318 /* Supporting Files */ = {
			isa = PBXGroup;
			children = (
				8D05375C1B86687B00588318 /* Info.plist */,
				8D05375D1B86687C00588318 /* main.m */,
			);
			name = "Supporting Files";
			sourceTree = "<group>";
		};
		8D0537741B86687C00588318 /* TimeTests */ = {
			isa = PBXGroup;
			children = (
				8D0537771B86687C00588318 /* TimeTests.m */,
				8D0537751B86687C00588318 /* Supporting Files */,
			);
			path = TimeTests;
			sourceTree = "<group>";
		};
		8D0537751B86687C00588318 /* Supporting Files */ = {
			isa = PBXGroup;
			children = (
				8D0537761B86687C00588318 /* Info.plist */,
			);
			name = "Supporting Files";
			sourceTree = "<group>";
		};
/* End PBXGroup section */

/* Begin PBXNativeTarget section */
		8D0537571B86687B00588318 /* Time */ = {
			isa = PBXNativeTarget;
			buildConfigurationList = 8D05377B1B86687C00588318 /* Build configuration list for PBXNativeTarget "Time" */;
			buildPhases = (
				8D0537541B86687B00588318 /* Sources */,
				8D0537551B86687B00588318 /* Frameworks */,
				8D0537561B86687B00588318 /* Resources */,
			);
			buildRules = (
			);
			dependencies = (
			);
			name = Time;
			productName = Time;
			productReference = 8D0537581B86687B00588318 /* Time.app */;
			productType = "com.apple.product-type.application";
		};
		8D0537701B86687C00588318 /* TimeTests */ = {
			isa = PBXNativeTarget;
			buildConfigurationList = 8D05377E1B86687C00588318 /* Build configuration list for PBXNativeTarget "TimeTests" */;
			buildPhases = (
				8D05376D1B86687C00588318 /* Sources */,
				8D05376E1B86687C00588318 /* Frameworks */,
				8D05376F1B86687C00588318 /* Resources */,
			);
			buildRules = (
			);
			dependencies = (
				8D0537731B86687C00588318 /* PBXTargetDependency */,
			);
			name = TimeTests;
			productName = TimeTests;
			productReference = 8D0537711B86687C00588318 /* TimeTests.xctest */;
			productType = "com.apple.product-type.bundle.unit-test";
		};
/* End PBXNativeTarget section */

/* Begin PBXProject section */
		8D0537501B86687B00588318 /* Project object */ = {
			isa = PBXProject;
			attributes = {
				LastUpgradeCheck = 0640;
				ORGANIZATIONNAME = "Mike Kavouras";
				TargetAttributes = {
					8D0537571B86687B00588318 = {
						CreatedOnToolsVersion = 6.4;
					};
					8D0537701B86687C00588318 = {
						CreatedOnToolsVersion = 6.4;
						TestTargetID = 8D0537571B86687B00588318;
					};
				};
			};
			buildConfigurationList = 8D0537531B86687B00588318 /* Build configuration list for PBXProject "Time" */;
			compatibilityVersion = "Xcode 3.2";
			developmentRegion = English;
			hasScannedForEncodings = 0;
			knownRegions = (
				en,
				Base,
			);
			mainGroup = 8D05374F1B86687B00588318;
			productRefGroup = 8D0537591B86687B00588318 /* Products */;
			projectDirPath = "";
			projectRoot = "";
			targets = (
				8D0537571B86687B00588318 /* Time */,
				8D0537701B86687C00588318 /* TimeTests */,
			);
		};
/* End PBXProject section */

/* Begin PBXResourcesBuildPhase section */
		8D0537561B86687B00588318 /* Resources */ = {
			isa = PBXResourcesBuildPhase;
			buildActionMask = 2147483647;
			files = (
				6BC7F3191B929C5F00FC98AE /* PrintBold_TT.ttf in Resources */,
				6BC7F31A1B929C5F00FC98AE /* PrintClearly_TT.ttf in Resources */,
				6BC7F31B1B929C5F00FC98AE /* PrintDashed_TT.ttf in Resources */,
				6BC7F31C1B929C5F00FC98AE /* EngelLight_ltd.ttf in Resources */,
				6B5FB3701B923154004D9958 /* Existence-StencilLight.otf in Resources */,
				6B5FB36F1B92313A004D9958 /* DIGITALDREAMFATNARROW.ttf in Resources */,
				6B5FB36E1B92312F004D9958 /* DIGITALDREAM.ttf in Resources */,
				5F4417111B939FCA002969D0 /* Hallelujah-sound-effect.mp3 in Resources */,
				5F44170F1B939E85002969D0 /* Coo-coo-clock-sound.mp3 in Resources */,
				5F44170D1B939B61002969D0 /* BingSound.mp3 in Resources */,
				6B5FB36D1B923125004D9958 /* Existence-Light.otf in Resources */,
				8D0537671B86687C00588318 /* Main.storyboard in Resources */,
				8D05376C1B86687C00588318 /* LaunchScreen.xib in Resources */,
				6BC7F3181B929C3500FC98AE /* Steinerlight.ttf in Resources */,
				8D0537691B86687C00588318 /* Images.xcassets in Resources */,
			);
			runOnlyForDeploymentPostprocessing = 0;
		};
		8D05376F1B86687C00588318 /* Resources */ = {
			isa = PBXResourcesBuildPhase;
			buildActionMask = 2147483647;
			files = (
			);
			runOnlyForDeploymentPostprocessing = 0;
		};
/* End PBXResourcesBuildPhase section */

/* Begin PBXSourcesBuildPhase section */
		8D0537541B86687B00588318 /* Sources */ = {
			isa = PBXSourcesBuildPhase;
			buildActionMask = 2147483647;
			files = (
				6BB194731B89184700082D0A /* PresetTimerData.m in Sources */,
				5F4416FD1B921609002969D0 /* SetCountdownViewController.m in Sources */,
				6BB1946A1B88D99900082D0A /* StopwatchTableViewController.m in Sources */,
				8D0537611B86687C00588318 /* AppDelegate.m in Sources */,
				6BB1946D1B88D9D000082D0A /* TimerHomepageViewController.m in Sources */,
				5F4416FA1B920B48002969D0 /* CountdownViewController.m in Sources */,
				8D05375E1B86687C00588318 /* main.m in Sources */,
				6BB194701B88D9EE00082D0A /* SetTimerViewController.m in Sources */,
				5F4CBFFC1B8916A500592B58 /* PresetTimer.m in Sources */,
			);
			runOnlyForDeploymentPostprocessing = 0;
		};
		8D05376D1B86687C00588318 /* Sources */ = {
			isa = PBXSourcesBuildPhase;
			buildActionMask = 2147483647;
			files = (
				8D0537781B86687C00588318 /* TimeTests.m in Sources */,
			);
			runOnlyForDeploymentPostprocessing = 0;
		};
/* End PBXSourcesBuildPhase section */

/* Begin PBXTargetDependency section */
		8D0537731B86687C00588318 /* PBXTargetDependency */ = {
			isa = PBXTargetDependency;
			target = 8D0537571B86687B00588318 /* Time */;
			targetProxy = 8D0537721B86687C00588318 /* PBXContainerItemProxy */;
		};
/* End PBXTargetDependency section */

/* Begin PBXVariantGroup section */
		8D0537651B86687C00588318 /* Main.storyboard */ = {
			isa = PBXVariantGroup;
			children = (
				8D0537661B86687C00588318 /* Base */,
			);
			name = Main.storyboard;
			sourceTree = "<group>";
		};
		8D05376A1B86687C00588318 /* LaunchScreen.xib */ = {
			isa = PBXVariantGroup;
			children = (
				8D05376B1B86687C00588318 /* Base */,
			);
			name = LaunchScreen.xib;
			sourceTree = "<group>";
		};
/* End PBXVariantGroup section */

/* Begin XCBuildConfiguration section */
		8D0537791B86687C00588318 /* Debug */ = {
			isa = XCBuildConfiguration;
			buildSettings = {
				ALWAYS_SEARCH_USER_PATHS = NO;
				CLANG_CXX_LANGUAGE_STANDARD = "gnu++0x";
				CLANG_CXX_LIBRARY = "libc++";
				CLANG_ENABLE_MODULES = YES;
				CLANG_ENABLE_OBJC_ARC = YES;
				CLANG_WARN_BOOL_CONVERSION = YES;
				CLANG_WARN_CONSTANT_CONVERSION = YES;
				CLANG_WARN_DIRECT_OBJC_ISA_USAGE = YES_ERROR;
				CLANG_WARN_EMPTY_BODY = YES;
				CLANG_WARN_ENUM_CONVERSION = YES;
				CLANG_WARN_INT_CONVERSION = YES;
				CLANG_WARN_OBJC_ROOT_CLASS = YES_ERROR;
				CLANG_WARN_UNREACHABLE_CODE = YES;
				CLANG_WARN__DUPLICATE_METHOD_MATCH = YES;
				"CODE_SIGN_IDENTITY[sdk=iphoneos*]" = "iPhone Developer";
				COPY_PHASE_STRIP = NO;
				DEBUG_INFORMATION_FORMAT = "dwarf-with-dsym";
				ENABLE_STRICT_OBJC_MSGSEND = YES;
				GCC_C_LANGUAGE_STANDARD = gnu99;
				GCC_DYNAMIC_NO_PIC = NO;
				GCC_NO_COMMON_BLOCKS = YES;
				GCC_OPTIMIZATION_LEVEL = 0;
				GCC_PREPROCESSOR_DEFINITIONS = (
					"DEBUG=1",
					"$(inherited)",
				);
				GCC_SYMBOLS_PRIVATE_EXTERN = NO;
				GCC_WARN_64_TO_32_BIT_CONVERSION = YES;
				GCC_WARN_ABOUT_RETURN_TYPE = YES_ERROR;
				GCC_WARN_UNDECLARED_SELECTOR = YES;
				GCC_WARN_UNINITIALIZED_AUTOS = YES_AGGRESSIVE;
				GCC_WARN_UNUSED_FUNCTION = YES;
				GCC_WARN_UNUSED_VARIABLE = YES;
				IPHONEOS_DEPLOYMENT_TARGET = 8.4;
				MTL_ENABLE_DEBUG_INFO = YES;
				ONLY_ACTIVE_ARCH = YES;
				SDKROOT = iphoneos;
				TARGETED_DEVICE_FAMILY = "1,2";
			};
			name = Debug;
		};
		8D05377A1B86687C00588318 /* Release */ = {
			isa = XCBuildConfiguration;
			buildSettings = {
				ALWAYS_SEARCH_USER_PATHS = NO;
				CLANG_CXX_LANGUAGE_STANDARD = "gnu++0x";
				CLANG_CXX_LIBRARY = "libc++";
				CLANG_ENABLE_MODULES = YES;
				CLANG_ENABLE_OBJC_ARC = YES;
				CLANG_WARN_BOOL_CONVERSION = YES;
				CLANG_WARN_CONSTANT_CONVERSION = YES;
				CLANG_WARN_DIRECT_OBJC_ISA_USAGE = YES_ERROR;
				CLANG_WARN_EMPTY_BODY = YES;
				CLANG_WARN_ENUM_CONVERSION = YES;
				CLANG_WARN_INT_CONVERSION = YES;
				CLANG_WARN_OBJC_ROOT_CLASS = YES_ERROR;
				CLANG_WARN_UNREACHABLE_CODE = YES;
				CLANG_WARN__DUPLICATE_METHOD_MATCH = YES;
				"CODE_SIGN_IDENTITY[sdk=iphoneos*]" = "iPhone Developer";
				COPY_PHASE_STRIP = NO;
				DEBUG_INFORMATION_FORMAT = "dwarf-with-dsym";
				ENABLE_NS_ASSERTIONS = NO;
				ENABLE_STRICT_OBJC_MSGSEND = YES;
				GCC_C_LANGUAGE_STANDARD = gnu99;
				GCC_NO_COMMON_BLOCKS = YES;
				GCC_WARN_64_TO_32_BIT_CONVERSION = YES;
				GCC_WARN_ABOUT_RETURN_TYPE = YES_ERROR;
				GCC_WARN_UNDECLARED_SELECTOR = YES;
				GCC_WARN_UNINITIALIZED_AUTOS = YES_AGGRESSIVE;
				GCC_WARN_UNUSED_FUNCTION = YES;
				GCC_WARN_UNUSED_VARIABLE = YES;
				IPHONEOS_DEPLOYMENT_TARGET = 8.4;
				MTL_ENABLE_DEBUG_INFO = NO;
				SDKROOT = iphoneos;
				TARGETED_DEVICE_FAMILY = "1,2";
				VALIDATE_PRODUCT = YES;
			};
			name = Release;
		};
		8D05377C1B86687C00588318 /* Debug */ = {
			isa = XCBuildConfiguration;
			buildSettings = {
				ASSETCATALOG_COMPILER_APPICON_NAME = AppIcon;
				INFOPLIST_FILE = Time/Info.plist;
				IPHONEOS_DEPLOYMENT_TARGET = 8.0;
				LD_RUNPATH_SEARCH_PATHS = "$(inherited) @executable_path/Frameworks";
				PRODUCT_NAME = "$(TARGET_NAME)";
			};
			name = Debug;
		};
		8D05377D1B86687C00588318 /* Release */ = {
			isa = XCBuildConfiguration;
			buildSettings = {
				ASSETCATALOG_COMPILER_APPICON_NAME = AppIcon;
				INFOPLIST_FILE = Time/Info.plist;
				IPHONEOS_DEPLOYMENT_TARGET = 8.0;
				LD_RUNPATH_SEARCH_PATHS = "$(inherited) @executable_path/Frameworks";
				PRODUCT_NAME = "$(TARGET_NAME)";
			};
			name = Release;
		};
		8D05377F1B86687C00588318 /* Debug */ = {
			isa = XCBuildConfiguration;
			buildSettings = {
				BUNDLE_LOADER = "$(TEST_HOST)";
				FRAMEWORK_SEARCH_PATHS = (
					"$(SDKROOT)/Developer/Library/Frameworks",
					"$(inherited)",
				);
				GCC_PREPROCESSOR_DEFINITIONS = (
					"DEBUG=1",
					"$(inherited)",
				);
				INFOPLIST_FILE = TimeTests/Info.plist;
				LD_RUNPATH_SEARCH_PATHS = "$(inherited) @executable_path/Frameworks @loader_path/Frameworks";
				PRODUCT_NAME = "$(TARGET_NAME)";
				TEST_HOST = "$(BUILT_PRODUCTS_DIR)/Time.app/Time";
			};
			name = Debug;
		};
		8D0537801B86687C00588318 /* Release */ = {
			isa = XCBuildConfiguration;
			buildSettings = {
				BUNDLE_LOADER = "$(TEST_HOST)";
				FRAMEWORK_SEARCH_PATHS = (
					"$(SDKROOT)/Developer/Library/Frameworks",
					"$(inherited)",
				);
				INFOPLIST_FILE = TimeTests/Info.plist;
				LD_RUNPATH_SEARCH_PATHS = "$(inherited) @executable_path/Frameworks @loader_path/Frameworks";
				PRODUCT_NAME = "$(TARGET_NAME)";
				TEST_HOST = "$(BUILT_PRODUCTS_DIR)/Time.app/Time";
			};
			name = Release;
		};
/* End XCBuildConfiguration section */

/* Begin XCConfigurationList section */
		8D0537531B86687B00588318 /* Build configuration list for PBXProject "Time" */ = {
			isa = XCConfigurationList;
			buildConfigurations = (
				8D0537791B86687C00588318 /* Debug */,
				8D05377A1B86687C00588318 /* Release */,
			);
			defaultConfigurationIsVisible = 0;
			defaultConfigurationName = Release;
		};
		8D05377B1B86687C00588318 /* Build configuration list for PBXNativeTarget "Time" */ = {
			isa = XCConfigurationList;
			buildConfigurations = (
				8D05377C1B86687C00588318 /* Debug */,
				8D05377D1B86687C00588318 /* Release */,
			);
			defaultConfigurationIsVisible = 0;
			defaultConfigurationName = Release;
		};
		8D05377E1B86687C00588318 /* Build configuration list for PBXNativeTarget "TimeTests" */ = {
			isa = XCConfigurationList;
			buildConfigurations = (
				8D05377F1B86687C00588318 /* Debug */,
				8D0537801B86687C00588318 /* Release */,
			);
			defaultConfigurationIsVisible = 0;
			defaultConfigurationName = Release;
		};
/* End XCConfigurationList section */
	};
	rootObject = 8D0537501B86687B00588318 /* Project object */;
}
